
Microsoft Visual Studio Solution File, Format Version 12.00
Project("{FAE04EC0-301F-11D3-BF4B-00C04F79EFBC}") = "Taskboard", "Taskboard\Taskboard.csproj", "{F21013A3-7A4F-4300-8B35-CA2D855D23D4}"
EndProject
Project("{FAE04EC0-301F-11D3-BF4B-00C04F79EFBC}") = "Taskboard.Services", "Taskboard.Services\Taskboard.Services.csproj", "{6517C22D-8F8B-4745-BEFE-74AAACF78AEF}"
EndProject
Project("{FAE04EC0-301F-11D3-BF4B-00C04F79EFBC}") = "Taskboard.Models", "Taskboard.Models\Taskboard.Models.csproj", "{3A3BA5FA-1540-442A-832D-4C189178334B}"
EndProject
Project("{FAE04EC0-301F-11D3-BF4B-00C04F79EFBC}") = "Taskboard.Entities", "Taskboard.Entities\Taskboard.Entities.csproj", "{D68EB339-BF22-43DA-A72C-60C2BD311056}"
EndProject
Global
	GlobalSection(SolutionConfigurationPlatforms) = preSolution
		Debug|Any CPU = Debug|Any CPU
		Release|Any CPU = Release|Any CPU
	EndGlobalSection
	GlobalSection(ProjectConfigurationPlatforms) = postSolution
		{F21013A3-7A4F-4300-8B35-CA2D855D23D4}.Debug|Any CPU.ActiveCfg = Debug|Any CPU
		{F21013A3-7A4F-4300-8B35-CA2D855D23D4}.Debug|Any CPU.Build.0 = Debug|Any CPU
		{F21013A3-7A4F-4300-8B35-CA2D855D23D4}.Release|Any CPU.ActiveCfg = Release|Any CPU
		{F21013A3-7A4F-4300-8B35-CA2D855D23D4}.Release|Any CPU.Build.0 = Release|Any CPU
		{6517C22D-8F8B-4745-BEFE-74AAACF78AEF}.Debug|Any CPU.ActiveCfg = Debug|Any CPU
		{6517C22D-8F8B-4745-BEFE-74AAACF78AEF}.Debug|Any CPU.Build.0 = Debug|Any CPU
		{6517C22D-8F8B-4745-BEFE-74AAACF78AEF}.Release|Any CPU.ActiveCfg = Release|Any CPU
		{6517C22D-8F8B-4745-BEFE-74AAACF78AEF}.Release|Any CPU.Build.0 = Release|Any CPU
		{3A3BA5FA-1540-442A-832D-4C189178334B}.Debug|Any CPU.ActiveCfg = Debug|Any CPU
		{3A3BA5FA-1540-442A-832D-4C189178334B}.Debug|Any CPU.Build.0 = Debug|Any CPU
		{3A3BA5FA-1540-442A-832D-4C189178334B}.Release|Any CPU.ActiveCfg = Release|Any CPU
		{3A3BA5FA-1540-442A-832D-4C189178334B}.Release|Any CPU.Build.0 = Release|Any CPU
		{D68EB339-BF22-43DA-A72C-60C2BD311056}.Debug|Any CPU.ActiveCfg = Debug|Any CPU
		{D68EB339-BF22-43DA-A72C-60C2BD311056}.Debug|Any CPU.Build.0 = Debug|Any CPU
		{D68EB339-BF22-43DA-A72C-60C2BD311056}.Release|Any CPU.ActiveCfg = Release|Any CPU
		{D68EB339-BF22-43DA-A72C-60C2BD311056}.Release|Any CPU.Build.0 = Release|Any CPU
	EndGlobalSection
EndGlobal
